
Microsoft Visual Studio Solution File, Format Version 12.00
# Visual Studio 14
VisualStudioVersion = 14.0.25420.1
MinimumVisualStudioVersion = 10.0.40219.1
Project("{FAE04EC0-301F-11D3-BF4B-00C04F79EFBC}") = "DocumentManager", "DocumentManager\DocumentManager.csproj", "{D7C0D64D-1B95-4AEB-8D81-D8CBCCF83D55}"
EndProject
Project("{FAE04EC0-301F-11D3-BF4B-00C04F79EFBC}") = "ToolBox", "toolBox\ToolBox.csproj", "{0609A0FC-6D7D-41E4-B933-B312245FE69E}"
EndProject
Project("{FAE04EC0-301F-11D3-BF4B-00C04F79EFBC}") = "SetData", "SetData\SetData.csproj", "{4166DC94-B10E-4468-9715-8EDAB1146572}"
EndProject
Project("{54435603-DBB4-11D2-8724-00A0C9A8B90C}") = "RetractDocumentSolution", "RetractDocumentSolution\RetractDocumentSolution.vdproj", "{FE9028EA-C097-42E6-A1DD-9A32CD3BB698}"
EndProject
Global
	GlobalSection(SolutionConfigurationPlatforms) = preSolution
		Debug|Any CPU = Debug|Any CPU
		Debug|x64 = Debug|x64
		Debug|x86 = Debug|x86
		Debug20|Any CPU = Debug20|Any CPU
		Debug20|x64 = Debug20|x64
		Debug20|x86 = Debug20|x86
		Debug35|Any CPU = Debug35|Any CPU
		Debug35|x64 = Debug35|x64
		Debug35|x86 = Debug35|x86
		Debug40|Any CPU = Debug40|Any CPU
		Debug40|x64 = Debug40|x64
		Debug40|x86 = Debug40|x86
		Debug40Client|Any CPU = Debug40Client|Any CPU
		Debug40Client|x64 = Debug40Client|x64
		Debug40Client|x86 = Debug40Client|x86
		Release|Any CPU = Release|Any CPU
		Release|x64 = Release|x64
		Release|x86 = Release|x86
	EndGlobalSection
	GlobalSection(ProjectConfigurationPlatforms) = postSolution
		{D7C0D64D-1B95-4AEB-8D81-D8CBCCF83D55}.Debug|Any CPU.ActiveCfg = Debug|Any CPU
		{D7C0D64D-1B95-4AEB-8D81-D8CBCCF83D55}.Debug|Any CPU.Build.0 = Debug|Any CPU
		{D7C0D64D-1B95-4AEB-8D81-D8CBCCF83D55}.Debug|x64.ActiveCfg = Debug|Any CPU
		{D7C0D64D-1B95-4AEB-8D81-D8CBCCF83D55}.Debug|x64.Build.0 = Debug|Any CPU
		{D7C0D64D-1B95-4AEB-8D81-D8CBCCF83D55}.Debug|x86.ActiveCfg = Debug|Any CPU
		{D7C0D64D-1B95-4AEB-8D81-D8CBCCF83D55}.Debug|x86.Build.0 = Debug|Any CPU
		{D7C0D64D-1B95-4AEB-8D81-D8CBCCF83D55}.Debug20|Any CPU.ActiveCfg = Release|Any CPU
		{D7C0D64D-1B95-4AEB-8D81-D8CBCCF83D55}.Debug20|Any CPU.Build.0 = Release|Any CPU
		{D7C0D64D-1B95-4AEB-8D81-D8CBCCF83D55}.Debug20|x64.ActiveCfg = Debug|Any CPU
		{D7C0D64D-1B95-4AEB-8D81-D8CBCCF83D55}.Debug20|x64.Build.0 = Debug|Any CPU
		{D7C0D64D-1B95-4AEB-8D81-D8CBCCF83D55}.Debug20|x86.ActiveCfg = Debug|Any CPU
		{D7C0D64D-1B95-4AEB-8D81-D8CBCCF83D55}.Debug20|x86.Build.0 = Debug|Any CPU
		{D7C0D64D-1B95-4AEB-8D81-D8CBCCF83D55}.Debug35|Any CPU.ActiveCfg = Release|Any CPU
		{D7C0D64D-1B95-4AEB-8D81-D8CBCCF83D55}.Debug35|Any CPU.Build.0 = Release|Any CPU
		{D7C0D64D-1B95-4AEB-8D81-D8CBCCF83D55}.Debug35|x64.ActiveCfg = Debug|Any CPU
		{D7C0D64D-1B95-4AEB-8D81-D8CBCCF83D55}.Debug35|x64.Build.0 = Debug|Any CPU
		{D7C0D64D-1B95-4AEB-8D81-D8CBCCF83D55}.Debug35|x86.ActiveCfg = Debug|Any CPU
		{D7C0D64D-1B95-4AEB-8D81-D8CBCCF83D55}.Debug35|x86.Build.0 = Debug|Any CPU
		{D7C0D64D-1B95-4AEB-8D81-D8CBCCF83D55}.Debug40|Any CPU.ActiveCfg = Release|Any CPU
		{D7C0D64D-1B95-4AEB-8D81-D8CBCCF83D55}.Debug40|Any CPU.Build.0 = Release|Any CPU
		{D7C0D64D-1B95-4AEB-8D81-D8CBCCF83D55}.Debug40|x64.ActiveCfg = Debug|Any CPU
		{D7C0D64D-1B95-4AEB-8D81-D8CBCCF83D55}.Debug40|x64.Build.0 = Debug|Any CPU
		{D7C0D64D-1B95-4AEB-8D81-D8CBCCF83D55}.Debug40|x86.ActiveCfg = Debug|Any CPU
		{D7C0D64D-1B95-4AEB-8D81-D8CBCCF83D55}.Debug40|x86.Build.0 = Debug|Any CPU
		{D7C0D64D-1B95-4AEB-8D81-D8CBCCF83D55}.Debug40Client|Any CPU.ActiveCfg = Release|Any CPU
		{D7C0D64D-1B95-4AEB-8D81-D8CBCCF83D55}.Debug40Client|Any CPU.Build.0 = Release|Any CPU
		{D7C0D64D-1B95-4AEB-8D81-D8CBCCF83D55}.Debug40Client|x64.ActiveCfg = Debug|Any CPU
		{D7C0D64D-1B95-4AEB-8D81-D8CBCCF83D55}.Debug40Client|x64.Build.0 = Debug|Any CPU
		{D7C0D64D-1B95-4AEB-8D81-D8CBCCF83D55}.Debug40Client|x86.ActiveCfg = Debug|Any CPU
		{D7C0D64D-1B95-4AEB-8D81-D8CBCCF83D55}.Debug40Client|x86.Build.0 = Debug|Any CPU
		{D7C0D64D-1B95-4AEB-8D81-D8CBCCF83D55}.Release|Any CPU.ActiveCfg = Release|Any CPU
		{D7C0D64D-1B95-4AEB-8D81-D8CBCCF83D55}.Release|Any CPU.Build.0 = Release|Any CPU
		{D7C0D64D-1B95-4AEB-8D81-D8CBCCF83D55}.Release|x64.ActiveCfg = Release|Any CPU
		{D7C0D64D-1B95-4AEB-8D81-D8CBCCF83D55}.Release|x64.Build.0 = Release|Any CPU
		{D7C0D64D-1B95-4AEB-8D81-D8CBCCF83D55}.Release|x86.ActiveCfg = Release|Any CPU
		{D7C0D64D-1B95-4AEB-8D81-D8CBCCF83D55}.Release|x86.Build.0 = Release|Any CPU
		{0609A0FC-6D7D-41E4-B933-B312245FE69E}.Debug|Any CPU.ActiveCfg = Debug|Any CPU
		{0609A0FC-6D7D-41E4-B933-B312245FE69E}.Debug|Any CPU.Build.0 = Debug|Any CPU
		{0609A0FC-6D7D-41E4-B933-B312245FE69E}.Debug|x64.ActiveCfg = Debug|Any CPU
		{0609A0FC-6D7D-41E4-B933-B312245FE69E}.Debug|x64.Build.0 = Debug|Any CPU
		{0609A0FC-6D7D-41E4-B933-B312245FE69E}.Debug|x86.ActiveCfg = Debug|Any CPU
		{0609A0FC-6D7D-41E4-B933-B312245FE69E}.Debug|x86.Build.0 = Debug|Any CPU
		{0609A0FC-6D7D-41E4-B933-B312245FE69E}.Debug20|Any CPU.ActiveCfg = Release|Any CPU
		{0609A0FC-6D7D-41E4-B933-B312245FE69E}.Debug20|Any CPU.Build.0 = Release|Any CPU
		{0609A0FC-6D7D-41E4-B933-B312245FE69E}.Debug20|x64.ActiveCfg = Debug|Any CPU
		{0609A0FC-6D7D-41E4-B933-B312245FE69E}.Debug20|x64.Build.0 = Debug|Any CPU
		{0609A0FC-6D7D-41E4-B933-B312245FE69E}.Debug20|x86.ActiveCfg = Debug|Any CPU
		{0609A0FC-6D7D-41E4-B933-B312245FE69E}.Debug20|x86.Build.0 = Debug|Any CPU
		{0609A0FC-6D7D-41E4-B933-B312245FE69E}.Debug35|Any CPU.ActiveCfg = Release|Any CPU
		{0609A0FC-6D7D-41E4-B933-B312245FE69E}.Debug35|Any CPU.Build.0 = Release|Any CPU
		{0609A0FC-6D7D-41E4-B933-B312245FE69E}.Debug35|x64.ActiveCfg = Debug|Any CPU
		{0609A0FC-6D7D-41E4-B933-B312245FE69E}.Debug35|x64.Build.0 = Debug|Any CPU
		{0609A0FC-6D7D-41E4-B933-B312245FE69E}.Debug35|x86.ActiveCfg = Debug|Any CPU
		{0609A0FC-6D7D-41E4-B933-B312245FE69E}.Debug35|x86.Build.0 = Debug|Any CPU
		{0609A0FC-6D7D-41E4-B933-B312245FE69E}.Debug40|Any CPU.ActiveCfg = Release|Any CPU
		{0609A0FC-6D7D-41E4-B933-B312245FE69E}.Debug40|Any CPU.Build.0 = Release|Any CPU
		{0609A0FC-6D7D-41E4-B933-B312245FE69E}.Debug40|x64.ActiveCfg = Debug|Any CPU
		{0609A0FC-6D7D-41E4-B933-B312245FE69E}.Debug40|x64.Build.0 = Debug|Any CPU
		{0609A0FC-6D7D-41E4-B933-B312245FE69E}.Debug40|x86.ActiveCfg = Debug|Any CPU
		{0609A0FC-6D7D-41E4-B933-B312245FE69E}.Debug40|x86.Build.0 = Debug|Any CPU
		{0609A0FC-6D7D-41E4-B933-B312245FE69E}.Debug40Client|Any CPU.ActiveCfg = Release|Any CPU
		{0609A0FC-6D7D-41E4-B933-B312245FE69E}.Debug40Client|Any CPU.Build.0 = Release|Any CPU
		{0609A0FC-6D7D-41E4-B933-B312245FE69E}.Debug40Client|x64.ActiveCfg = Debug|Any CPU
		{0609A0FC-6D7D-41E4-B933-B312245FE69E}.Debug40Client|x64.Build.0 = Debug|Any CPU
		{0609A0FC-6D7D-41E4-B933-B312245FE69E}.Debug40Client|x86.ActiveCfg = Debug|Any CPU
		{0609A0FC-6D7D-41E4-B933-B312245FE69E}.Debug40Client|x86.Build.0 = Debug|Any CPU
		{0609A0FC-6D7D-41E4-B933-B312245FE69E}.Release|Any CPU.ActiveCfg = Release|Any CPU
		{0609A0FC-6D7D-41E4-B933-B312245FE69E}.Release|Any CPU.Build.0 = Release|Any CPU
		{0609A0FC-6D7D-41E4-B933-B312245FE69E}.Release|x64.ActiveCfg = Release|Any CPU
		{0609A0FC-6D7D-41E4-B933-B312245FE69E}.Release|x64.Build.0 = Release|Any CPU
		{0609A0FC-6D7D-41E4-B933-B312245FE69E}.Release|x86.ActiveCfg = Release|Any CPU
		{0609A0FC-6D7D-41E4-B933-B312245FE69E}.Release|x86.Build.0 = Release|Any CPU
		{4166DC94-B10E-4468-9715-8EDAB1146572}.Debug|Any CPU.ActiveCfg = Debug|Any CPU
		{4166DC94-B10E-4468-9715-8EDAB1146572}.Debug|Any CPU.Build.0 = Debug|Any CPU
		{4166DC94-B10E-4468-9715-8EDAB1146572}.Debug|x64.ActiveCfg = Debug|Any CPU
		{4166DC94-B10E-4468-9715-8EDAB1146572}.Debug|x64.Build.0 = Debug|Any CPU
		{4166DC94-B10E-4468-9715-8EDAB1146572}.Debug|x86.ActiveCfg = Debug|Any CPU
		{4166DC94-B10E-4468-9715-8EDAB1146572}.Debug|x86.Build.0 = Debug|Any CPU
		{4166DC94-B10E-4468-9715-8EDAB1146572}.Debug20|Any CPU.ActiveCfg = Release|Any CPU
		{4166DC94-B10E-4468-9715-8EDAB1146572}.Debug20|Any CPU.Build.0 = Release|Any CPU
		{4166DC94-B10E-4468-9715-8EDAB1146572}.Debug20|x64.ActiveCfg = Debug|Any CPU
		{4166DC94-B10E-4468-9715-8EDAB1146572}.Debug20|x64.Build.0 = Debug|Any CPU
		{4166DC94-B10E-4468-9715-8EDAB1146572}.Debug20|x86.ActiveCfg = Debug|Any CPU
		{4166DC94-B10E-4468-9715-8EDAB1146572}.Debug20|x86.Build.0 = Debug|Any CPU
		{4166DC94-B10E-4468-9715-8EDAB1146572}.Debug35|Any CPU.ActiveCfg = Release|Any CPU
		{4166DC94-B10E-4468-9715-8EDAB1146572}.Debug35|Any CPU.Build.0 = Release|Any CPU
		{4166DC94-B10E-4468-9715-8EDAB1146572}.Debug35|x64.ActiveCfg = Debug|Any CPU
		{4166DC94-B10E-4468-9715-8EDAB1146572}.Debug35|x64.Build.0 = Debug|Any CPU
		{4166DC94-B10E-4468-9715-8EDAB1146572}.Debug35|x86.ActiveCfg = Debug|Any CPU
		{4166DC94-B10E-4468-9715-8EDAB1146572}.Debug35|x86.Build.0 = Debug|Any CPU
		{4166DC94-B10E-4468-9715-8EDAB1146572}.Debug40|Any CPU.ActiveCfg = Release|Any CPU
		{4166DC94-B10E-4468-9715-8EDAB1146572}.Debug40|Any CPU.Build.0 = Release|Any CPU
		{4166DC94-B10E-4468-9715-8EDAB1146572}.Debug40|x64.ActiveCfg = Debug|Any CPU
		{4166DC94-B10E-4468-9715-8EDAB1146572}.Debug40|x64.Build.0 = Debug|Any CPU
		{4166DC94-B10E-4468-9715-8EDAB1146572}.Debug40|x86.ActiveCfg = Debug|Any CPU
		{4166DC94-B10E-4468-9715-8EDAB1146572}.Debug40|x86.Build.0 = Debug|Any CPU
		{4166DC94-B10E-4468-9715-8EDAB1146572}.Debug40Client|Any CPU.ActiveCfg = Release|Any CPU
		{4166DC94-B10E-4468-9715-8EDAB1146572}.Debug40Client|Any CPU.Build.0 = Release|Any CPU
		{4166DC94-B10E-4468-9715-8EDAB1146572}.Debug40Client|x64.ActiveCfg = Debug|Any CPU
		{4166DC94-B10E-4468-9715-8EDAB1146572}.Debug40Client|x64.Build.0 = Debug|Any CPU
		{4166DC94-B10E-4468-9715-8EDAB1146572}.Debug40Client|x86.ActiveCfg = Debug|Any CPU
		{4166DC94-B10E-4468-9715-8EDAB1146572}.Debug40Client|x86.Build.0 = Debug|Any CPU
		{4166DC94-B10E-4468-9715-8EDAB1146572}.Release|Any CPU.ActiveCfg = Release|Any CPU
		{4166DC94-B10E-4468-9715-8EDAB1146572}.Release|Any CPU.Build.0 = Release|Any CPU
		{4166DC94-B10E-4468-9715-8EDAB1146572}.Release|x64.ActiveCfg = Release|Any CPU
		{4166DC94-B10E-4468-9715-8EDAB1146572}.Release|x64.Build.0 = Release|Any CPU
		{4166DC94-B10E-4468-9715-8EDAB1146572}.Release|x86.ActiveCfg = Release|Any CPU
		{4166DC94-B10E-4468-9715-8EDAB1146572}.Release|x86.Build.0 = Release|Any CPU
		{FE9028EA-C097-42E6-A1DD-9A32CD3BB698}.Debug|Any CPU.ActiveCfg = Debug
		{FE9028EA-C097-42E6-A1DD-9A32CD3BB698}.Debug|Any CPU.Build.0 = Debug
		{FE9028EA-C097-42E6-A1DD-9A32CD3BB698}.Debug|x64.ActiveCfg = Debug
		{FE9028EA-C097-42E6-A1DD-9A32CD3BB698}.Debug|x86.ActiveCfg = Debug
		{FE9028EA-C097-42E6-A1DD-9A32CD3BB698}.Debug20|Any CPU.ActiveCfg = Release
		{FE9028EA-C097-42E6-A1DD-9A32CD3BB698}.Debug20|Any CPU.Build.0 = Release
		{FE9028EA-C097-42E6-A1DD-9A32CD3BB698}.Debug20|x64.ActiveCfg = Debug
		{FE9028EA-C097-42E6-A1DD-9A32CD3BB698}.Debug20|x86.ActiveCfg = Debug
		{FE9028EA-C097-42E6-A1DD-9A32CD3BB698}.Debug35|Any CPU.ActiveCfg = Release
		{FE9028EA-C097-42E6-A1DD-9A32CD3BB698}.Debug35|Any CPU.Build.0 = Release
		{FE9028EA-C097-42E6-A1DD-9A32CD3BB698}.Debug35|x64.ActiveCfg = Debug
		{FE9028EA-C097-42E6-A1DD-9A32CD3BB698}.Debug35|x86.ActiveCfg = Debug
		{FE9028EA-C097-42E6-A1DD-9A32CD3BB698}.Debug40|Any CPU.ActiveCfg = Release
		{FE9028EA-C097-42E6-A1DD-9A32CD3BB698}.Debug40|Any CPU.Build.0 = Release
		{FE9028EA-C097-42E6-A1DD-9A32CD3BB698}.Debug40|x64.ActiveCfg = Debug
		{FE9028EA-C097-42E6-A1DD-9A32CD3BB698}.Debug40|x86.ActiveCfg = Debug
		{FE9028EA-C097-42E6-A1DD-9A32CD3BB698}.Debug40Client|Any CPU.ActiveCfg = Release
		{FE9028EA-C097-42E6-A1DD-9A32CD3BB698}.Debug40Client|Any CPU.Build.0 = Release
		{FE9028EA-C097-42E6-A1DD-9A32CD3BB698}.Debug40Client|x64.ActiveCfg = Debug
		{FE9028EA-C097-42E6-A1DD-9A32CD3BB698}.Debug40Client|x86.ActiveCfg = Debug
		{FE9028EA-C097-42E6-A1DD-9A32CD3BB698}.Release|Any CPU.ActiveCfg = Release
		{FE9028EA-C097-42E6-A1DD-9A32CD3BB698}.Release|Any CPU.Build.0 = Release
		{FE9028EA-C097-42E6-A1DD-9A32CD3BB698}.Release|x64.ActiveCfg = Release
		{FE9028EA-C097-42E6-A1DD-9A32CD3BB698}.Release|x86.ActiveCfg = Release
	EndGlobalSection
	GlobalSection(SolutionProperties) = preSolution
		HideSolutionNode = FALSE
	EndGlobalSection
EndGlobal
